// !$*UTF8*$!
{
	archiveVersion = 1;
	classes = {
	};
	objectVersion = 46;
	objects = {

/* Begin PBXBuildFile section */
		2699D0AC1CBDF13800C86CD3 /* main.m in Sources */ = {isa = PBXBuildFile; fileRef = 2699D0AB1CBDF13800C86CD3 /* main.m */; };
		2699D0AF1CBDF13800C86CD3 /* AppDelegate.m in Sources */ = {isa = PBXBuildFile; fileRef = 2699D0AE1CBDF13800C86CD3 /* AppDelegate.m */; };
		2699D0B21CBDF13800C86CD3 /* MainViewController.m in Sources */ = {isa = PBXBuildFile; fileRef = 2699D0B11CBDF13800C86CD3 /* MainViewController.m */; };
		2699D0B51CBDF13800C86CD3 /* Main.storyboard in Resources */ = {isa = PBXBuildFile; fileRef = 2699D0B31CBDF13800C86CD3 /* Main.storyboard */; };
		2699D0B71CBDF13800C86CD3 /* Assets.xcassets in Resources */ = {isa = PBXBuildFile; fileRef = 2699D0B61CBDF13800C86CD3 /* Assets.xcassets */; };
		2699D0BA1CBDF13800C86CD3 /* LaunchScreen.storyboard in Resources */ = {isa = PBXBuildFile; fileRef = 2699D0B81CBDF13800C86CD3 /* LaunchScreen.storyboard */; };
		2699D0C51CBDF13800C86CD3 /* OCR_SampleTests.m in Sources */ = {isa = PBXBuildFile; fileRef = 2699D0C41CBDF13800C86CD3 /* OCR_SampleTests.m */; };
		2699D0D01CBDF13800C86CD3 /* OCR_SampleUITests.m in Sources */ = {isa = PBXBuildFile; fileRef = 2699D0CF1CBDF13800C86CD3 /* OCR_SampleUITests.m */; };
		6B9082484582368444F06A3C /* libPods-OCR-Sample.a in Frameworks */ = {isa = PBXBuildFile; fileRef = CC5203D881EA72FC0950F680 /* libPods-OCR-Sample.a */; };
/* End PBXBuildFile section */

/* Begin PBXContainerItemProxy section */
		2699D0C11CBDF13800C86CD3 /* PBXContainerItemProxy */ = {
			isa = PBXContainerItemProxy;
			containerPortal = 2699D09F1CBDF13800C86CD3 /* Project object */;
			proxyType = 1;
			remoteGlobalIDString = 2699D0A61CBDF13800C86CD3;
			remoteInfo = "OCR-Sample";
		};
		2699D0CC1CBDF13800C86CD3 /* PBXContainerItemProxy */ = {
			isa = PBXContainerItemProxy;
			containerPortal = 2699D09F1CBDF13800C86CD3 /* Project object */;
			proxyType = 1;
			remoteGlobalIDString = 2699D0A61CBDF13800C86CD3;
			remoteInfo = "OCR-Sample";
		};
/* End PBXContainerItemProxy section */

/* Begin PBXFileReference section */
		0E34F87E254437DF2970B38A /* Pods-OCR-Sample.release.xcconfig */ = {isa = PBXFileReference; includeInIndex = 1; lastKnownFileType = text.xcconfig; name = "Pods-OCR-Sample.release.xcconfig"; path = "Pods/Target Support Files/Pods-OCR-Sample/Pods-OCR-Sample.release.xcconfig"; sourceTree = "<group>"; };
		2699D0A71CBDF13800C86CD3 /* OCR-Sample.app */ = {isa = PBXFileReference; explicitFileType = wrapper.application; includeInIndex = 0; path = "OCR-Sample.app"; sourceTree = BUILT_PRODUCTS_DIR; };
		2699D0AB1CBDF13800C86CD3 /* main.m */ = {isa = PBXFileReference; lastKnownFileType = sourcecode.c.objc; path = main.m; sourceTree = "<group>"; };
		2699D0AD1CBDF13800C86CD3 /* AppDelegate.h */ = {isa = PBXFileReference; lastKnownFileType = sourcecode.c.h; path = AppDelegate.h; sourceTree = "<group>"; };
		2699D0AE1CBDF13800C86CD3 /* AppDelegate.m */ = {isa = PBXFileReference; lastKnownFileType = sourcecode.c.objc; path = AppDelegate.m; sourceTree = "<group>"; };
		2699D0B01CBDF13800C86CD3 /* MainViewController.h */ = {isa = PBXFileReference; lastKnownFileType = sourcecode.c.h; path = MainViewController.h; sourceTree = "<group>"; };
		2699D0B11CBDF13800C86CD3 /* MainViewController.m */ = {isa = PBXFileReference; lastKnownFileType = sourcecode.c.objc; path = MainViewController.m; sourceTree = "<group>"; };
		2699D0B41CBDF13800C86CD3 /* Base */ = {isa = PBXFileReference; lastKnownFileType = file.storyboard; name = Base; path = Base.lproj/Main.storyboard; sourceTree = "<group>"; };
		2699D0B61CBDF13800C86CD3 /* Assets.xcassets */ = {isa = PBXFileReference; lastKnownFileType = folder.assetcatalog; path = Assets.xcassets; sourceTree = "<group>"; };
		2699D0B91CBDF13800C86CD3 /* Base */ = {isa = PBXFileReference; lastKnownFileType = file.storyboard; name = Base; path = Base.lproj/LaunchScreen.storyboard; sourceTree = "<group>"; };
		2699D0BB1CBDF13800C86CD3 /* Info.plist */ = {isa = PBXFileReference; lastKnownFileType = text.plist.xml; path = Info.plist; sourceTree = "<group>"; };
		2699D0C01CBDF13800C86CD3 /* OCR-SampleTests.xctest */ = {isa = PBXFileReference; explicitFileType = wrapper.cfbundle; includeInIndex = 0; path = "OCR-SampleTests.xctest"; sourceTree = BUILT_PRODUCTS_DIR; };
		2699D0C41CBDF13800C86CD3 /* OCR_SampleTests.m */ = {isa = PBXFileReference; lastKnownFileType = sourcecode.c.objc; path = OCR_SampleTests.m; sourceTree = "<group>"; };
		2699D0C61CBDF13800C86CD3 /* Info.plist */ = {isa = PBXFileReference; lastKnownFileType = text.plist.xml; path = Info.plist; sourceTree = "<group>"; };
		2699D0CB1CBDF13800C86CD3 /* OCR-SampleUITests.xctest */ = {isa = PBXFileReference; explicitFileType = wrapper.cfbundle; includeInIndex = 0; path = "OCR-SampleUITests.xctest"; sourceTree = BUILT_PRODUCTS_DIR; };
		2699D0CF1CBDF13800C86CD3 /* OCR_SampleUITests.m */ = {isa = PBXFileReference; lastKnownFileType = sourcecode.c.objc; path = OCR_SampleUITests.m; sourceTree = "<group>"; };
		2699D0D11CBDF13800C86CD3 /* Info.plist */ = {isa = PBXFileReference; lastKnownFileType = text.plist.xml; path = Info.plist; sourceTree = "<group>"; };
		3D222B7C21C9579A704D7FF8 /* Pods-OCR-Sample.debug.xcconfig */ = {isa = PBXFileReference; includeInIndex = 1; lastKnownFileType = text.xcconfig; name = "Pods-OCR-Sample.debug.xcconfig"; path = "Pods/Target Support Files/Pods-OCR-Sample/Pods-OCR-Sample.debug.xcconfig"; sourceTree = "<group>"; };
		CC5203D881EA72FC0950F680 /* libPods-OCR-Sample.a */ = {isa = PBXFileReference; explicitFileType = archive.ar; includeInIndex = 0; path = "libPods-OCR-Sample.a"; sourceTree = BUILT_PRODUCTS_DIR; };
/* End PBXFileReference section */

/* Begin PBXFrameworksBuildPhase section */
		2699D0A41CBDF13800C86CD3 /* Frameworks */ = {
			isa = PBXFrameworksBuildPhase;
			buildActionMask = 2147483647;
			files = (
				6B9082484582368444F06A3C /* libPods-OCR-Sample.a in Frameworks */,
			);
			runOnlyForDeploymentPostprocessing = 0;
		};
		2699D0BD1CBDF13800C86CD3 /* Frameworks */ = {
			isa = PBXFrameworksBuildPhase;
			buildActionMask = 2147483647;
			files = (
			);
			runOnlyForDeploymentPostprocessing = 0;
		};
		2699D0C81CBDF13800C86CD3 /* Frameworks */ = {
			isa = PBXFrameworksBuildPhase;
			buildActionMask = 2147483647;
			files = (
			);
			runOnlyForDeploymentPostprocessing = 0;
		};
/* End PBXFrameworksBuildPhase section */

/* Begin PBXGroup section */
		01A7C5B245F30943F274EAEC /* Pods */ = {
			isa = PBXGroup;
			children = (
				3D222B7C21C9579A704D7FF8 /* Pods-OCR-Sample.debug.xcconfig */,
				0E34F87E254437DF2970B38A /* Pods-OCR-Sample.release.xcconfig */,
			);
			name = Pods;
			sourceTree = "<group>";
		};
		2699D09E1CBDF13800C86CD3 = {
			isa = PBXGroup;
			children = (
				2699D0A91CBDF13800C86CD3 /* OCR-Sample */,
				2699D0C31CBDF13800C86CD3 /* OCR-SampleTests */,
				2699D0CE1CBDF13800C86CD3 /* OCR-SampleUITests */,
				2699D0A81CBDF13800C86CD3 /* Products */,
				01A7C5B245F30943F274EAEC /* Pods */,
				A24C9E7B976D1E7EE38E3C72 /* Frameworks */,
			);
			sourceTree = "<group>";
		};
		2699D0A81CBDF13800C86CD3 /* Products */ = {
			isa = PBXGroup;
			children = (
				2699D0A71CBDF13800C86CD3 /* OCR-Sample.app */,
				2699D0C01CBDF13800C86CD3 /* OCR-SampleTests.xctest */,
				2699D0CB1CBDF13800C86CD3 /* OCR-SampleUITests.xctest */,
			);
			name = Products;
			sourceTree = "<group>";
		};
		2699D0A91CBDF13800C86CD3 /* OCR-Sample */ = {
			isa = PBXGroup;
			children = (
				2699D0AD1CBDF13800C86CD3 /* AppDelegate.h */,
				2699D0AE1CBDF13800C86CD3 /* AppDelegate.m */,
				2699D0B31CBDF13800C86CD3 /* Main.storyboard */,
				2699D0B01CBDF13800C86CD3 /* MainViewController.h */,
				2699D0B11CBDF13800C86CD3 /* MainViewController.m */,
				2699D0B61CBDF13800C86CD3 /* Assets.xcassets */,
				2699D0B81CBDF13800C86CD3 /* LaunchScreen.storyboard */,
				2699D0BB1CBDF13800C86CD3 /* Info.plist */,
				2699D0AA1CBDF13800C86CD3 /* Supporting Files */,
			);
			path = "OCR-Sample";
			sourceTree = "<group>";
		};
		2699D0AA1CBDF13800C86CD3 /* Supporting Files */ = {
			isa = PBXGroup;
			children = (
				2699D0AB1CBDF13800C86CD3 /* main.m */,
			);
			name = "Supporting Files";
			sourceTree = "<group>";
		};
		2699D0C31CBDF13800C86CD3 /* OCR-SampleTests */ = {
			isa = PBXGroup;
			children = (
				2699D0C41CBDF13800C86CD3 /* OCR_SampleTests.m */,
				2699D0C61CBDF13800C86CD3 /* Info.plist */,
			);
			path = "OCR-SampleTests";
			sourceTree = "<group>";
		};
		2699D0CE1CBDF13800C86CD3 /* OCR-SampleUITests */ = {
			isa = PBXGroup;
			children = (
				2699D0CF1CBDF13800C86CD3 /* OCR_SampleUITests.m */,
				2699D0D11CBDF13800C86CD3 /* Info.plist */,
			);
			path = "OCR-SampleUITests";
			sourceTree = "<group>";
		};
		A24C9E7B976D1E7EE38E3C72 /* Frameworks */ = {
			isa = PBXGroup;
			children = (
				CC5203D881EA72FC0950F680 /* libPods-OCR-Sample.a */,
			);
			name = Frameworks;
			sourceTree = "<group>";
		};
/* End PBXGroup section */

/* Begin PBXNativeTarget section */
		2699D0A61CBDF13800C86CD3 /* OCR-Sample */ = {
			isa = PBXNativeTarget;
			buildConfigurationList = 2699D0D41CBDF13800C86CD3 /* Build configuration list for PBXNativeTarget "OCR-Sample" */;
			buildPhases = (
				DFAE5F84AC8E3A29DE86EAD0 /* Check Pods Manifest.lock */,
				2699D0A31CBDF13800C86CD3 /* Sources */,
				2699D0A41CBDF13800C86CD3 /* Frameworks */,
				2699D0A51CBDF13800C86CD3 /* Resources */,
				AE05B89229B5302A48C40838 /* Embed Pods Frameworks */,
				2428D2BBBA5CB1A094D0241C /* Copy Pods Resources */,
			);
			buildRules = (
			);
			dependencies = (
			);
			name = "OCR-Sample";
			productName = "OCR-Sample";
			productReference = 2699D0A71CBDF13800C86CD3 /* OCR-Sample.app */;
			productType = "com.apple.product-type.application";
		};
		2699D0BF1CBDF13800C86CD3 /* OCR-SampleTests */ = {
			isa = PBXNativeTarget;
			buildConfigurationList = 2699D0D71CBDF13800C86CD3 /* Build configuration list for PBXNativeTarget "OCR-SampleTests" */;
			buildPhases = (
				2699D0BC1CBDF13800C86CD3 /* Sources */,
				2699D0BD1CBDF13800C86CD3 /* Frameworks */,
				2699D0BE1CBDF13800C86CD3 /* Resources */,
			);
			buildRules = (
			);
			dependencies = (
				2699D0C21CBDF13800C86CD3 /* PBXTargetDependency */,
			);
			name = "OCR-SampleTests";
			productName = "OCR-SampleTests";
			productReference = 2699D0C01CBDF13800C86CD3 /* OCR-SampleTests.xctest */;
			productType = "com.apple.product-type.bundle.unit-test";
		};
		2699D0CA1CBDF13800C86CD3 /* OCR-SampleUITests */ = {
			isa = PBXNativeTarget;
			buildConfigurationList = 2699D0DA1CBDF13800C86CD3 /* Build configuration list for PBXNativeTarget "OCR-SampleUITests" */;
			buildPhases = (
				2699D0C71CBDF13800C86CD3 /* Sources */,
				2699D0C81CBDF13800C86CD3 /* Frameworks */,
				2699D0C91CBDF13800C86CD3 /* Resources */,
			);
			buildRules = (
			);
			dependencies = (
				2699D0CD1CBDF13800C86CD3 /* PBXTargetDependency */,
			);
			name = "OCR-SampleUITests";
			productName = "OCR-SampleUITests";
			productReference = 2699D0CB1CBDF13800C86CD3 /* OCR-SampleUITests.xctest */;
			productType = "com.apple.product-type.bundle.ui-testing";
		};
/* End PBXNativeTarget section */

/* Begin PBXProject section */
		2699D09F1CBDF13800C86CD3 /* Project object */ = {
			isa = PBXProject;
			attributes = {
				LastUpgradeCheck = 0720;
				ORGANIZATIONNAME = masato_arai;
				TargetAttributes = {
					2699D0A61CBDF13800C86CD3 = {
						CreatedOnToolsVersion = 7.2.1;
					};
					2699D0BF1CBDF13800C86CD3 = {
						CreatedOnToolsVersion = 7.2.1;
						TestTargetID = 2699D0A61CBDF13800C86CD3;
					};
					2699D0CA1CBDF13800C86CD3 = {
						CreatedOnToolsVersion = 7.2.1;
						TestTargetID = 2699D0A61CBDF13800C86CD3;
					};
				};
			};
			buildConfigurationList = 2699D0A21CBDF13800C86CD3 /* Build configuration list for PBXProject "OCR-Sample" */;
			compatibilityVersion = "Xcode 3.2";
			developmentRegion = English;
			hasScannedForEncodings = 0;
			knownRegions = (
				en,
				Base,
			);
			mainGroup = 2699D09E1CBDF13800C86CD3;
			productRefGroup = 2699D0A81CBDF13800C86CD3 /* Products */;
			projectDirPath = "";
			projectRoot = "";
			targets = (
				2699D0A61CBDF13800C86CD3 /* OCR-Sample */,
				2699D0BF1CBDF13800C86CD3 /* OCR-SampleTests */,
				2699D0CA1CBDF13800C86CD3 /* OCR-SampleUITests */,
			);
		};
/* End PBXProject section */

/* Begin PBXResourcesBuildPhase section */
		2699D0A51CBDF13800C86CD3 /* Resources */ = {
			isa = PBXResourcesBuildPhase;
			buildActionMask = 2147483647;
			files = (
				2699D0BA1CBDF13800C86CD3 /* LaunchScreen.storyboard in Resources */,
				2699D0B71CBDF13800C86CD3 /* Assets.xcassets in Resources */,
				2699D0B51CBDF13800C86CD3 /* Main.storyboard in Resources */,
			);
			runOnlyForDeploymentPostprocessing = 0;
		};
		2699D0BE1CBDF13800C86CD3 /* Resources */ = {
			isa = PBXResourcesBuildPhase;
			buildActionMask = 2147483647;
			files = (
			);
			runOnlyForDeploymentPostprocessing = 0;
		};
		2699D0C91CBDF13800C86CD3 /* Resources */ = {
			isa = PBXResourcesBuildPhase;
			buildActionMask = 2147483647;
			files = (
			);
			runOnlyForDeploymentPostprocessing = 0;
		};
/* End PBXResourcesBuildPhase section */

/* Begin PBXShellScriptBuildPhase section */
		2428D2BBBA5CB1A094D0241C /* Copy Pods Resources */ = {
			isa = PBXShellScriptBuildPhase;
			buildActionMask = 2147483647;
			files = (
			);
			inputPaths = (
			);
			name = "Copy Pods Resources";
			outputPaths = (
			);
			runOnlyForDeploymentPostprocessing = 0;
			shellPath = /bin/sh;
			shellScript = "\"${SRCROOT}/Pods/Target Support Files/Pods-OCR-Sample/Pods-OCR-Sample-resources.sh\"\n";
			showEnvVarsInLog = 0;
		};
		AE05B89229B5302A48C40838 /* Embed Pods Frameworks */ = {
			isa = PBXShellScriptBuildPhase;
			buildActionMask = 2147483647;
			files = (
			);
			inputPaths = (
			);
			name = "Embed Pods Frameworks";
			outputPaths = (
			);
			runOnlyForDeploymentPostprocessing = 0;
			shellPath = /bin/sh;
			shellScript = "\"${SRCROOT}/Pods/Target Support Files/Pods-OCR-Sample/Pods-OCR-Sample-frameworks.sh\"\n";
			showEnvVarsInLog = 0;
		};
		DFAE5F84AC8E3A29DE86EAD0 /* Check Pods Manifest.lock */ = {
			isa = PBXShellScriptBuildPhase;
			buildActionMask = 2147483647;
			files = (
			);
			inputPaths = (
			);
			name = "Check Pods Manifest.lock";
			outputPaths = (
			);
			runOnlyForDeploymentPostprocessing = 0;
			shellPath = /bin/sh;
			shellScript = "diff \"${PODS_ROOT}/../Podfile.lock\" \"${PODS_ROOT}/Manifest.lock\" > /dev/null\nif [[ $? != 0 ]] ; then\n    cat << EOM\nerror: The sandbox is not in sync with the Podfile.lock. Run 'pod install' or update your CocoaPods installation.\nEOM\n    exit 1\nfi\n";
			showEnvVarsInLog = 0;
		};
/* End PBXShellScriptBuildPhase section */

/* Begin PBXSourcesBuildPhase section */
		2699D0A31CBDF13800C86CD3 /* Sources */ = {
			isa = PBXSourcesBuildPhase;
			buildActionMask = 2147483647;
			files = (
				2699D0B21CBDF13800C86CD3 /* MainViewController.m in Sources */,
				2699D0AF1CBDF13800C86CD3 /* AppDelegate.m in Sources */,
				2699D0AC1CBDF13800C86CD3 /* main.m in Sources */,
			);
			runOnlyForDeploymentPostprocessing = 0;
		};
		2699D0BC1CBDF13800C86CD3 /* Sources */ = {
			isa = PBXSourcesBuildPhase;
			buildActionMask = 2147483647;
			files = (
				2699D0C51CBDF13800C86CD3 /* OCR_SampleTests.m in Sources */,
			);
			runOnlyForDeploymentPostprocessing = 0;
		};
		2699D0C71CBDF13800C86CD3 /* Sources */ = {
			isa = PBXSourcesBuildPhase;
			buildActionMask = 2147483647;
			files = (
				2699D0D01CBDF13800C86CD3 /* OCR_SampleUITests.m in Sources */,
			);
			runOnlyForDeploymentPostprocessing = 0;
		};
/* End PBXSourcesBuildPhase section */

/* Begin PBXTargetDependency section */
		2699D0C21CBDF13800C86CD3 /* PBXTargetDependency */ = {
			isa = PBXTargetDependency;
			target = 2699D0A61CBDF13800C86CD3 /* OCR-Sample */;
			targetProxy = 2699D0C11CBDF13800C86CD3 /* PBXContainerItemProxy */;
		};
		2699D0CD1CBDF13800C86CD3 /* PBXTargetDependency */ = {
			isa = PBXTargetDependency;
			target = 2699D0A61CBDF13800C86CD3 /* OCR-Sample */;
			targetProxy = 2699D0CC1CBDF13800C86CD3 /* PBXContainerItemProxy */;
		};
/* End PBXTargetDependency section */

/* Begin PBXVariantGroup section */
		2699D0B31CBDF13800C86CD3 /* Main.storyboard */ = {
			isa = PBXVariantGroup;
			children = (
				2699D0B41CBDF13800C86CD3 /* Base */,
			);
			name = Main.storyboard;
			sourceTree = "<group>";
		};
		2699D0B81CBDF13800C86CD3 /* LaunchScreen.storyboard */ = {
			isa = PBXVariantGroup;
			children = (
				2699D0B91CBDF13800C86CD3 /* Base */,
			);
			name = LaunchScreen.storyboard;
			sourceTree = "<group>";
		};
/* End PBXVariantGroup section */

/* Begin XCBuildConfiguration section */
		2699D0D21CBDF13800C86CD3 /* Debug */ = {
			isa = XCBuildConfiguration;
			buildSettings = {
				ALWAYS_SEARCH_USER_PATHS = NO;
				CLANG_CXX_LANGUAGE_STANDARD = "gnu++0x";
				CLANG_CXX_LIBRARY = "libc++";
				CLANG_ENABLE_MODULES = YES;
				CLANG_ENABLE_OBJC_ARC = YES;
				CLANG_WARN_BOOL_CONVERSION = YES;
				CLANG_WARN_CONSTANT_CONVERSION = YES;
				CLANG_WARN_DIRECT_OBJC_ISA_USAGE = YES_ERROR;
				CLANG_WARN_EMPTY_BODY = YES;
				CLANG_WARN_ENUM_CONVERSION = YES;
				CLANG_WARN_INT_CONVERSION = YES;
				CLANG_WARN_OBJC_ROOT_CLASS = YES_ERROR;
				CLANG_WARN_UNREACHABLE_CODE = YES;
				CLANG_WARN__DUPLICATE_METHOD_MATCH = YES;
				"CODE_SIGN_IDENTITY[sdk=iphoneos*]" = "iPhone Developer";
				COPY_PHASE_STRIP = NO;
				DEBUG_INFORMATION_FORMAT = dwarf;
				ENABLE_STRICT_OBJC_MSGSEND = YES;
				ENABLE_TESTABILITY = YES;
				GCC_C_LANGUAGE_STANDARD = gnu99;
				GCC_DYNAMIC_NO_PIC = NO;
				GCC_NO_COMMON_BLOCKS = YES;
				GCC_OPTIMIZATION_LEVEL = 0;
				GCC_PREPROCESSOR_DEFINITIONS = (
					"DEBUG=1",
					"$(inherited)",
				);
				GCC_WARN_64_TO_32_BIT_CONVERSION = YES;
				GCC_WARN_ABOUT_RETURN_TYPE = YES_ERROR;
				GCC_WARN_UNDECLARED_SELECTOR = YES;
				GCC_WARN_UNINITIALIZED_AUTOS = YES_AGGRESSIVE;
				GCC_WARN_UNUSED_FUNCTION = YES;
				GCC_WARN_UNUSED_VARIABLE = YES;
				IPHONEOS_DEPLOYMENT_TARGET = 9.0;
				MTL_ENABLE_DEBUG_INFO = YES;
				ONLY_ACTIVE_ARCH = YES;
				SDKROOT = iphoneos;
				TARGETED_DEVICE_FAMILY = "1,2";
			};
			name = Debug;
		};
		2699D0D31CBDF13800C86CD3 /* Release */ = {
			isa = XCBuildConfiguration;
			buildSettings = {
				ALWAYS_SEARCH_USER_PATHS = NO;
				CLANG_CXX_LANGUAGE_STANDARD = "gnu++0x";
				CLANG_CXX_LIBRARY = "libc++";
				CLANG_ENABLE_MODULES = YES;
				CLANG_ENABLE_OBJC_ARC = YES;
				CLANG_WARN_BOOL_CONVERSION = YES;
				CLANG_WARN_CONSTANT_CONVERSION = YES;
				CLANG_WARN_DIRECT_OBJC_ISA_USAGE = YES_ERROR;
				CLANG_WARN_EMPTY_BODY = YES;
				CLANG_WARN_ENUM_CONVERSION = YES;
				CLANG_WARN_INT_CONVERSION = YES;
				CLANG_WARN_OBJC_ROOT_CLASS = YES_ERROR;
				CLANG_WARN_UNREACHABLE_CODE = YES;
				CLANG_WARN__DUPLICATE_METHOD_MATCH = YES;
				"CODE_SIGN_IDENTITY[sdk=iphoneos*]" = "iPhone Developer";
				COPY_PHASE_STRIP = NO;
				DEBUG_INFORMATION_FORMAT = "dwarf-with-dsym";
				ENABLE_NS_ASSERTIONS = NO;
				ENABLE_STRICT_OBJC_MSGSEND = YES;
				GCC_C_LANGUAGE_STANDARD = gnu99;
				GCC_NO_COMMON_BLOCKS = YES;
				GCC_WARN_64_TO_32_BIT_CONVERSION = YES;
				GCC_WARN_ABOUT_RETURN_TYPE = YES_ERROR;
				GCC_WARN_UNDECLARED_SELECTOR = YES;
				GCC_WARN_UNINITIALIZED_AUTOS = YES_AGGRESSIVE;
				GCC_WARN_UNUSED_FUNCTION = YES;
				GCC_WARN_UNUSED_VARIABLE = YES;
				IPHONEOS_DEPLOYMENT_TARGET = 9.0;
				MTL_ENABLE_DEBUG_INFO = NO;
				SDKROOT = iphoneos;
				TARGETED_DEVICE_FAMILY = "1,2";
				VALIDATE_PRODUCT = YES;
			};
			name = Release;
		};
		2699D0D51CBDF13800C86CD3 /* Debug */ = {
			isa = XCBuildConfiguration;
			baseConfigurationReference = 3D222B7C21C9579A704D7FF8 /* Pods-OCR-Sample.debug.xcconfig */;
			buildSettings = {
				ASSETCATALOG_COMPILER_APPICON_NAME = AppIcon;
				ENABLE_BITCODE = NO;
				INFOPLIST_FILE = "OCR-Sample/Info.plist";
				LD_RUNPATH_SEARCH_PATHS = "$(inherited) @executable_path/Frameworks";
				PRODUCT_BUNDLE_IDENTIFIER = "jp.co.teaandcoffee.OCR-Sample";
				PRODUCT_NAME = "$(TARGET_NAME)";
			};
			name = Debug;
		};
		2699D0D61CBDF13800C86CD3 /* Release */ = {
			isa = XCBuildConfiguration;
			baseConfigurationReference = 0E34F87E254437DF2970B38A /* Pods-OCR-Sample.release.xcconfig */;
			buildSettings = {
				ASSETCATALOG_COMPILER_APPICON_NAME = AppIcon;
				ENABLE_BITCODE = NO;
				INFOPLIST_FILE = "OCR-Sample/Info.plist";
				LD_RUNPATH_SEARCH_PATHS = "$(inherited) @executable_path/Frameworks";
				PRODUCT_BUNDLE_IDENTIFIER = "jp.co.teaandcoffee.OCR-Sample";
				PRODUCT_NAME = "$(TARGET_NAME)";
			};
			name = Release;
		};
		2699D0D81CBDF13800C86CD3 /* Debug */ = {
			isa = XCBuildConfiguration;
			buildSettings = {
				BUNDLE_LOADER = "$(TEST_HOST)";
				INFOPLIST_FILE = "OCR-SampleTests/Info.plist";
				LD_RUNPATH_SEARCH_PATHS = "$(inherited) @executable_path/Frameworks @loader_path/Frameworks";
				PRODUCT_BUNDLE_IDENTIFIER = "jp.co.teaandcoffee.OCR-SampleTests";
				PRODUCT_NAME = "$(TARGET_NAME)";
				TEST_HOST = "$(BUILT_PRODUCTS_DIR)/OCR-Sample.app/OCR-Sample";
			};
			name = Debug;
		};
		2699D0D91CBDF13800C86CD3 /* Release */ = {
			isa = XCBuildConfiguration;
			buildSettings = {
				BUNDLE_LOADER = "$(TEST_HOST)";
				INFOPLIST_FILE = "OCR-SampleTests/Info.plist";
				LD_RUNPATH_SEARCH_PATHS = "$(inherited) @executable_path/Frameworks @loader_path/Frameworks";
				PRODUCT_BUNDLE_IDENTIFIER = "jp.co.teaandcoffee.OCR-SampleTests";
				PRODUCT_NAME = "$(TARGET_NAME)";
				TEST_HOST = "$(BUILT_PRODUCTS_DIR)/OCR-Sample.app/OCR-Sample";
			};
			name = Release;
		};
		2699D0DB1CBDF13800C86CD3 /* Debug */ = {
			isa = XCBuildConfiguration;
			buildSettings = {
				INFOPLIST_FILE = "OCR-SampleUITests/Info.plist";
				LD_RUNPATH_SEARCH_PATHS = "$(inherited) @executable_path/Frameworks @loader_path/Frameworks";
				PRODUCT_BUNDLE_IDENTIFIER = "jp.co.teaandcoffee.OCR-SampleUITests";
				PRODUCT_NAME = "$(TARGET_NAME)";
				TEST_TARGET_NAME = "OCR-Sample";
				USES_XCTRUNNER = YES;
			};
			name = Debug;
		};
		2699D0DC1CBDF13800C86CD3 /* Release */ = {
			isa = XCBuildConfiguration;
			buildSettings = {
				INFOPLIST_FILE = "OCR-SampleUITests/Info.plist";
				LD_RUNPATH_SEARCH_PATHS = "$(inherited) @executable_path/Frameworks @loader_path/Frameworks";
				PRODUCT_BUNDLE_IDENTIFIER = "jp.co.teaandcoffee.OCR-SampleUITests";
				PRODUCT_NAME = "$(TARGET_NAME)";
				TEST_TARGET_NAME = "OCR-Sample";
				USES_XCTRUNNER = YES;
			};
			name = Release;
		};
/* End XCBuildConfiguration section */

/* Begin XCConfigurationList section */
		2699D0A21CBDF13800C86CD3 /* Build configuration list for PBXProject "OCR-Sample" */ = {
			isa = XCConfigurationList;
			buildConfigurations = (
				2699D0D21CBDF13800C86CD3 /* Debug */,
				2699D0D31CBDF13800C86CD3 /* Release */,
			);
			defaultConfigurationIsVisible = 0;
			defaultConfigurationName = Release;
		};
		2699D0D41CBDF13800C86CD3 /* Build configuration list for PBXNativeTarget "OCR-Sample" */ = {
			isa = XCConfigurationList;
			buildConfigurations = (
				2699D0D51CBDF13800C86CD3 /* Debug */,
				2699D0D61CBDF13800C86CD3 /* Release */,
			);
			defaultConfigurationIsVisible = 0;
			defaultConfigurationName = Release;
		};
		2699D0D71CBDF13800C86CD3 /* Build configuration list for PBXNativeTarget "OCR-SampleTests" */ = {
			isa = XCConfigurationList;
			buildConfigurations = (
				2699D0D81CBDF13800C86CD3 /* Debug */,
				2699D0D91CBDF13800C86CD3 /* Release */,
			);
			defaultConfigurationIsVisible = 0;
			defaultConfigurationName = Release;
		};
		2699D0DA1CBDF13800C86CD3 /* Build configuration list for PBXNativeTarget "OCR-SampleUITests" */ = {
			isa = XCConfigurationList;
			buildConfigurations = (
				2699D0DB1CBDF13800C86CD3 /* Debug */,
				2699D0DC1CBDF13800C86CD3 /* Release */,
			);
			defaultConfigurationIsVisible = 0;
			defaultConfigurationName = Release;
		};
/* End XCConfigurationList section */
	};
	rootObject = 2699D09F1CBDF13800C86CD3 /* Project object */;
}
